<?xml version="1.0" encoding="utf-8"?>
<Project ToolsVersion="4.0" xmlns="http://schemas.microsoft.com/developer/msbuild/2003">
  <ItemGroup>
    <Filter Include="源文件">
      <UniqueIdentifier>{4FC737F1-C7A5-4376-A066-2A32D752A2FF}</UniqueIdentifier>
      <Extensions>cpp;c;cc;cxx;c++;cppm;ixx;def;odl;idl;hpj;bat;asm;asmx</Extensions>
    </Filter>
    <Filter Include="头文件">
      <UniqueIdentifier>{93995380-89BD-4b04-88EB-625FBE52EBFB}</UniqueIdentifier>
      <Extensions>h;hh;hpp;hxx;h++;hm;inl;inc;ipp;xsd</Extensions>
    </Filter>
    <Filter Include="资源文件">
      <UniqueIdentifier>{67DA6AB6-F800-4c08-8B7A-83BB121AAD01}</UniqueIdentifier>
      <Extensions>rc;ico;cur;bmp;dlg;rc2;rct;bin;rgs;gif;jpg;jpeg;jpe;resx;tiff;tif;png;wav;mfcribbon-ms</Extensions>
    </Filter>
    <Filter Include="头文件\ataxx">
      <UniqueIdentifier>{6e7887d4-3823-4c0e-b190-6ce3f3273fb7}</UniqueIdentifier>
    </Filter>
    <Filter Include="头文件\bw">
      <UniqueIdentifier>{ba9fb557-40a4-4fed-88b5-521bf50f1d6f}</UniqueIdentifier>
    </Filter>
    <Filter Include="头文件\external">
      <UniqueIdentifier>{79a43d3a-d127-44bd-98ee-bb6f6e89c334}</UniqueIdentifier>
    </Filter>
    <Filter Include="头文件\gobang">
      <UniqueIdentifier>{206fd01a-0a01-4414-b6cf-ba19c3df86ef}</UniqueIdentifier>
    </Filter>
    <Filter Include="头文件\othello">
      <UniqueIdentifier>{25f1b83a-c36b-470d-bf97-a9cb6d988fc0}</UniqueIdentifier>
    </Filter>
    <Filter Include="头文件\tools">
      <UniqueIdentifier>{9f20a0b5-3683-4c87-8cba-57a29a873765}</UniqueIdentifier>
    </Filter>
    <Filter Include="头文件\othello\othello.gamer">
      <UniqueIdentifier>{eadb5f03-2dce-4e66-bc67-11761158ec09}</UniqueIdentifier>
    </Filter>
    <Filter Include="头文件\bw\net">
      <UniqueIdentifier>{5e5a75db-4da3-40f4-a493-6c349d628906}</UniqueIdentifier>
    </Filter>
    <Filter Include="头文件\bw\online">
      <UniqueIdentifier>{165fef35-352e-4f4a-9715-53402e54f1b9}</UniqueIdentifier>
    </Filter>
    <Filter Include="头文件\bw\shared">
      <UniqueIdentifier>{9c9baeaf-e541-42a7-9e9d-fd90ad55a9fb}</UniqueIdentifier>
    </Filter>
    <Filter Include="头文件\bw\tui">
      <UniqueIdentifier>{463fa0f9-1953-4d7d-b4bc-f1aa3b479384}</UniqueIdentifier>
    </Filter>
    <Filter Include="头文件\othello\othello.ai">
      <UniqueIdentifier>{673f5d45-a379-4376-a580-aaee5a67a56e}</UniqueIdentifier>
    </Filter>
    <Filter Include="头文件\tictactoe">
      <UniqueIdentifier>{12ae308a-823c-493b-9d23-9f95bf659c65}</UniqueIdentifier>
    </Filter>
    <Filter Include="头文件\tictactoe\tictactoe.gamers">
      <UniqueIdentifier>{ffa48882-8a81-4409-93e6-2a36a39f4686}</UniqueIdentifier>
    </Filter>
    <Filter Include="头文件\bw\shared\gamer">
      <UniqueIdentifier>{4c02371a-78dc-4ce1-b169-71ff3842e932}</UniqueIdentifier>
    </Filter>
    <Filter Include="源文件\tui">
      <UniqueIdentifier>{0f06d967-fb2d-4243-a306-236e78195a75}</UniqueIdentifier>
    </Filter>
    <Filter Include="头文件\bw\tui\game">
      <UniqueIdentifier>{64036a1f-9c0f-4da9-aef2-6b8724727e7f}</UniqueIdentifier>
    </Filter>
    <Filter Include="头文件\othello\tui">
      <UniqueIdentifier>{0bf04a00-ef41-46e7-9462-c69aaf6eb7a0}</UniqueIdentifier>
    </Filter>
    <Filter Include="头文件\othello\othello.ai\eval_methods">
      <UniqueIdentifier>{6ab02961-619f-4358-af71-55c726463411}</UniqueIdentifier>
    </Filter>
    <Filter Include="头文件\gobang\gobang.gamers">
      <UniqueIdentifier>{488fd8c3-3331-402e-8e04-3c3e8e382a98}</UniqueIdentifier>
    </Filter>
    <Filter Include="源文件\python">
      <UniqueIdentifier>{8a79ef30-4a4b-4c21-b3cb-b20c9c1adf21}</UniqueIdentifier>
    </Filter>
    <Filter Include="头文件\python">
      <UniqueIdentifier>{1916a760-228f-4c21-ae37-cff0f23122e0}</UniqueIdentifier>
    </Filter>
    <Filter Include="头文件\bw\move_server">
      <UniqueIdentifier>{dc46fb0c-4f5c-43ed-9284-52d78aef1190}</UniqueIdentifier>
    </Filter>
  </ItemGroup>
  <ItemGroup>
    <ClCompile Include="src\main.cpp">
      <Filter>源文件</Filter>
    </ClCompile>
    <ClCompile Include="src\tui\grid-container.cpp">
      <Filter>源文件\tui</Filter>
    </ClCompile>
    <ClCompile Include="src\tui\ipv4.cpp">
      <Filter>源文件\tui</Filter>
    </ClCompile>
    <ClCompile Include="src\tui\text_editor.cpp">
      <Filter>源文件\tui</Filter>
    </ClCompile>
    <ClCompile Include="src\tui\scroller.cpp">
      <Filter>源文件\tui</Filter>
    </ClCompile>
    <ClCompile Include="..\BlackWhiteBindPython\src\core_bind.cpp">
      <Filter>源文件\python</Filter>
    </ClCompile>
    <ClCompile Include="..\BlackWhiteBindPython\src\othello_bind.cpp">
      <Filter>源文件\python</Filter>
    </ClCompile>
  </ItemGroup>
  <ItemGroup>
    <ClInclude Include="include\net\message.hpp">
      <Filter>头文件\bw\net</Filter>
    </ClInclude>
    <ClInclude Include="include\online\components.hpp">
      <Filter>头文件\bw\online</Filter>
    </ClInclude>
    <ClInclude Include="include\online\room.hpp">
      <Filter>头文件\bw\online</Filter>
    </ClInclude>
    <ClInclude Include="include\othello\ai.hpp">
      <Filter>头文件\othello\othello.ai</Filter>
    </ClInclude>
    <ClInclude Include="include\othello\ai\practise.hpp">
      <Filter>头文件\othello\othello.ai</Filter>
    </ClInclude>
    <ClInclude Include="include\othello\gamer\computer.hpp">
      <Filter>头文件\othello\othello.gamer</Filter>
    </ClInclude>
    <ClInclude Include="include\othello\gamer\human.hpp">
      <Filter>头文件\othello\othello.gamer</Filter>
    </ClInclude>
    <ClInclude Include="include\othello\gamer\online.hpp">
      <Filter>头文件\othello\othello.gamer</Filter>
    </ClInclude>
    <ClInclude Include="include\othello\gamer\remote_tcp.hpp">
      <Filter>头文件\othello\othello.gamer</Filter>
    </ClInclude>
    <ClInclude Include="include\othello\board.hpp">
      <Filter>头文件\othello</Filter>
    </ClInclude>
    <ClInclude Include="include\othello\game.hpp">
      <Filter>头文件\othello</Filter>
    </ClInclude>
    <ClInclude Include="include\othello\gamer.hpp">
      <Filter>头文件\othello</Filter>
    </ClInclude>
    <ClInclude Include="include\othello\move.hpp">
      <Filter>头文件\othello</Filter>
    </ClInclude>
    <ClInclude Include="include\othello\moves.hpp">
      <Filter>头文件\othello</Filter>
    </ClInclude>
    <ClInclude Include="include\tictactoe\gamer\computer.hpp">
      <Filter>头文件\tictactoe\tictactoe.gamers</Filter>
    </ClInclude>
    <ClInclude Include="include\tictactoe\gamer\human.hpp">
      <Filter>头文件\tictactoe\tictactoe.gamers</Filter>
    </ClInclude>
    <ClInclude Include="include\tictactoe\gamer\online.hpp">
      <Filter>头文件\tictactoe\tictactoe.gamers</Filter>
    </ClInclude>
    <ClInclude Include="include\tictactoe\board.hpp">
      <Filter>头文件\tictactoe</Filter>
    </ClInclude>
    <ClInclude Include="include\tictactoe\components.hpp">
      <Filter>头文件\tictactoe</Filter>
    </ClInclude>
    <ClInclude Include="include\tictactoe\game.hpp">
      <Filter>头文件\tictactoe</Filter>
    </ClInclude>
    <ClInclude Include="include\tictactoe\gamer.hpp">
      <Filter>头文件\tictactoe</Filter>
    </ClInclude>
    <ClInclude Include="include\tictactoe\move.hpp">
      <Filter>头文件\tictactoe</Filter>
    </ClInclude>
    <ClInclude Include="include\tictactoe\moves.hpp">
      <Filter>头文件\tictactoe</Filter>
    </ClInclude>
    <ClInclude Include="include\config.hpp">
      <Filter>头文件\bw\shared</Filter>
    </ClInclude>
    <ClInclude Include="include\core.hpp">
      <Filter>头文件\bw\shared</Filter>
    </ClInclude>
    <ClInclude Include="include\env.hpp">
      <Filter>头文件\bw\shared</Filter>
    </ClInclude>
    <ClInclude Include="include\game.hpp">
      <Filter>头文件\bw\shared</Filter>
    </ClInclude>
    <ClInclude Include="include\basic_gamer.hpp">
      <Filter>头文件\bw\shared</Filter>
    </ClInclude>
    <ClInclude Include="include\gamer\basic_lua_gamer.hpp">
      <Filter>头文件\bw\shared\gamer</Filter>
    </ClInclude>
    <ClInclude Include="include\initialize.hpp">
      <Filter>头文件\bw\shared</Filter>
    </ClInclude>
    <ClInclude Include="include\move.hpp">
      <Filter>头文件\bw\shared</Filter>
    </ClInclude>
    <ClInclude Include="include\utility.hpp">
      <Filter>头文件\bw\shared</Filter>
    </ClInclude>
    <ClInclude Include="include\tui\bwlocale.hpp">
      <Filter>头文件\bw\tui</Filter>
    </ClInclude>
    <ClInclude Include="include\tui\ui.hpp">
      <Filter>头文件\bw\tui</Filter>
    </ClInclude>
    <ClInclude Include="include\practise.hpp">
      <Filter>头文件\bw\shared</Filter>
    </ClInclude>
    <ClInclude Include="include\ipv4.hpp">
      <Filter>头文件\external</Filter>
    </ClInclude>
    <ClInclude Include="include\stdafx.h">
      <Filter>头文件\external</Filter>
    </ClInclude>
    <ClInclude Include="include\tools.hpp">
      <Filter>头文件\tools</Filter>
    </ClInclude>
    <ClInclude Include="include\tui\components.hpp">
      <Filter>头文件\bw\tui</Filter>
    </ClInclude>
    <ClInclude Include="include\ataxx\board.hpp">
      <Filter>头文件\ataxx</Filter>
    </ClInclude>
    <ClInclude Include="include\ataxx\components.hpp">
      <Filter>头文件\ataxx</Filter>
    </ClInclude>
    <ClInclude Include="include\ataxx\move.hpp">
      <Filter>头文件\ataxx</Filter>
    </ClInclude>
    <ClInclude Include="include\ataxx\moves.hpp">
      <Filter>头文件\ataxx</Filter>
    </ClInclude>
    <ClInclude Include="include\grid-container.hpp">
      <Filter>头文件\external</Filter>
    </ClInclude>
    <ClInclude Include="include\safe_vector.hpp">
      <Filter>头文件\external</Filter>
    </ClInclude>
    <ClInclude Include="include\tictactoe.hpp">
      <Filter>头文件\tictactoe</Filter>
    </ClInclude>
    <ClInclude Include="include\othello.hpp">
      <Filter>头文件\othello</Filter>
    </ClInclude>
    <ClInclude Include="include\tui\screen.hpp">
      <Filter>头文件\bw\tui</Filter>
    </ClInclude>
    <ClInclude Include="include\tui\ftxui_screen.hpp">
      <Filter>头文件\bw\tui</Filter>
    </ClInclude>
    <ClInclude Include="include\macros.hpp">
      <Filter>头文件\bw\shared</Filter>
    </ClInclude>
    <ClInclude Include="include\basic_Game.hpp">
      <Filter>头文件\bw\shared</Filter>
    </ClInclude>
    <ClInclude Include="include\globals.hpp">
      <Filter>头文件\bw\shared</Filter>
    </ClInclude>
    <ClInclude Include="include\games.hpp">
      <Filter>头文件\bw\shared</Filter>
    </ClInclude>
    <ClInclude Include="include\online\user.hpp">
      <Filter>头文件\bw\online</Filter>
    </ClInclude>
    <ClInclude Include="include\online\user_info.hpp">
      <Filter>头文件\bw\online</Filter>
    </ClInclude>
    <ClInclude Include="include\online\basic_user.hpp">
      <Filter>头文件\bw\online</Filter>
    </ClInclude>
    <ClInclude Include="include\online\basic_online_gamer.hpp">
      <Filter>头文件\bw\online</Filter>
    </ClInclude>
    <ClInclude Include="include\exceptions.hpp">
      <Filter>头文件\bw\shared</Filter>
    </ClInclude>
    <ClInclude Include="include\online\signals.hpp">
      <Filter>头文件\bw\online</Filter>
    </ClInclude>
    <ClInclude Include="include\tui\settings_page.hpp">
      <Filter>头文件\bw\tui</Filter>
    </ClInclude>
    <ClInclude Include="include\othello\gamer\lua_gamer.hpp">
      <Filter>头文件\othello\othello.gamer</Filter>
    </ClInclude>
    <ClInclude Include="include\tictactoe\gamer\lua_gamer.hpp">
      <Filter>头文件\tictactoe\tictactoe.gamers</Filter>
    </ClInclude>
    <ClInclude Include="include\tui\text_editor.hpp">
      <Filter>头文件\bw\tui</Filter>
    </ClInclude>
    <ClInclude Include="include\tui\game\gamer_prepare.hpp">
      <Filter>头文件\bw\tui\game</Filter>
    </ClInclude>
    <ClInclude Include="include\gamer\basic_python_gamer.hpp">
      <Filter>头文件\bw\shared\gamer</Filter>
    </ClInclude>
    <ClInclude Include="include\othello\gamer\python_gamer.hpp">
      <Filter>头文件\othello\othello.gamer</Filter>
    </ClInclude>
    <ClInclude Include="include\othello\components.hpp">
      <Filter>头文件\othello\tui</Filter>
    </ClInclude>
    <ClInclude Include="include\othello\gamer_prepare.hpp">
      <Filter>头文件\othello\tui</Filter>
    </ClInclude>
    <ClInclude Include="include\tui\scroller.hpp">
      <Filter>头文件\bw\tui</Filter>
    </ClInclude>
    <ClInclude Include="include\gamer\basic_http_gamer.hpp">
      <Filter>头文件\bw\shared\gamer</Filter>
    </ClInclude>
    <ClInclude Include="include\othello\ai\minmax.hpp">
      <Filter>头文件\othello\othello.ai</Filter>
    </ClInclude>
    <ClInclude Include="include\othello\ai\mcts.hpp">
      <Filter>头文件\othello\othello.ai</Filter>
    </ClInclude>
    <ClInclude Include="include\othello\ai\common.hpp">
      <Filter>头文件\othello\othello.ai</Filter>
    </ClInclude>
    <ClInclude Include="include\othello\ai\alphabeta.hpp">
      <Filter>头文件\othello\othello.ai</Filter>
    </ClInclude>
    <ClInclude Include="include\gobang\board.hpp">
      <Filter>头文件\gobang</Filter>
    </ClInclude>
    <ClInclude Include="include\tree.hpp">
      <Filter>头文件\external</Filter>
    </ClInclude>
    <ClInclude Include="include\othello\ai\eval_methods.hpp">
      <Filter>头文件\othello\othello.ai\eval_methods</Filter>
    </ClInclude>
    <ClInclude Include="include\timer.hpp">
      <Filter>头文件\bw\shared</Filter>
    </ClInclude>
    <ClInclude Include="include\gobang\board.hpp">
      <Filter>头文件\gobang</Filter>
    </ClInclude>
    <ClInclude Include="include\tree.hpp">
      <Filter>头文件\external</Filter>
    </ClInclude>
    <ClInclude Include="include\gobang\components.hpp">
      <Filter>头文件\gobang</Filter>
    </ClInclude>
    <ClInclude Include="include\gobang\game.hpp">
      <Filter>头文件\gobang</Filter>
    </ClInclude>
    <ClInclude Include="include\gobang\gamer.hpp">
      <Filter>头文件\gobang</Filter>
    </ClInclude>
    <ClInclude Include="include\gobang\move.hpp">
      <Filter>头文件\gobang</Filter>
    </ClInclude>
    <ClInclude Include="include\gobang\moves.hpp">
      <Filter>头文件\gobang</Filter>
    </ClInclude>
    <ClInclude Include="include\gobang\gamer\human.hpp">
      <Filter>头文件\gobang\gobang.gamers</Filter>
    </ClInclude>
    <ClInclude Include="include\gobang\gamer\computer.hpp">
      <Filter>头文件\gobang\gobang.gamers</Filter>
    </ClInclude>
    <ClInclude Include="include\gobang\gamer\online.hpp">
      <Filter>头文件\gobang\gobang.gamers</Filter>
    </ClInclude>
    <ClInclude Include="include\gobang\gamer_prepare.hpp">
      <Filter>头文件\gobang</Filter>
    </ClInclude>
    <ClInclude Include="..\BlackWhiteBindPython\include\core_bind.hpp">
      <Filter>头文件\python</Filter>
    </ClInclude>
    <ClInclude Include="..\BlackWhiteBindPython\include\othello_bind.hpp">
      <Filter>头文件\python</Filter>
    </ClInclude>
    <ClInclude Include="include\othello\ai\nerual_net.hpp">
      <Filter>头文件\othello\othello.ai\eval_methods</Filter>
    </ClInclude>
    <ClInclude Include="include\gamer\basic_gtp_gamer.hpp">
      <Filter>头文件\bw\shared\gamer</Filter>
    </ClInclude>
    <ClInclude Include="include\othello\gamer\http_gamer.hpp">
      <Filter>头文件\othello\othello.gamer</Filter>
    </ClInclude>
    <ClInclude Include="include\move_server\move_server.hpp">
      <Filter>头文件\bw\move_server</Filter>
    </ClInclude>
  </ItemGroup>
  <ItemGroup>
    <None Include="README.md">
      <Filter>资源文件</Filter>
    </None>
    <None Include="locale\zh_CN\LC_MESSAGES\zh_CN.mo">
      <Filter>资源文件</Filter>
    </None>
    <None Include="locale\zh_CN\LC_MESSAGES\zh_CN.po">
      <Filter>资源文件</Filter>
    </None>
  </ItemGroup>
</Project>